
Microsoft Visual Studio Solution File, Format Version 12.00
# Visual Studio Version 17
VisualStudioVersion = 17.6.33815.320
MinimumVisualStudioVersion = 10.0.40219.1
Project("{FAE04EC0-301F-11D3-BF4B-00C04F79EFBC}") = "DuplicateFileFinderCs", "DuplicateFileFinderCs.csproj", "{850F7794-6625-4EFD-A461-EDE2A41C1260}"
EndProject
Global
	GlobalSection(SolutionConfigurationPlatforms) = preSolution
		Debug|Any CPU = Debug|Any CPU
		Release|Any CPU = Release|Any CPU
	EndGlobalSection
	GlobalSection(ProjectConfigurationPlatforms) = postSolution
		{850F7794-6625-4EFD-A461-EDE2A41C1260}.Debug|Any CPU.ActiveCfg = Debug|Any CPU
		{850F7794-6625-4EFD-A461-EDE2A41C1260}.Debug|Any CPU.Build.0 = Debug|Any CPU
		{850F7794-6625-4EFD-A461-EDE2A41C1260}.Release|Any CPU.ActiveCfg = Release|Any CPU
		{850F7794-6625-4EFD-A461-EDE2A41C1260}.Release|Any CPU.Build.0 = Release|Any CPU
	EndGlobalSection
	GlobalSection(SolutionProperties) = preSolution
		HideSolutionNode = FALSE
	EndGlobalSection
	GlobalSection(ExtensibilityGlobals) = postSolution
		SolutionGuid = {BFC23F4B-D951-40F3-ACED-24DD91A997A5}
	EndGlobalSection
EndGlobal
